{
  "name": "acc-broadcast",
  "version": "1.0.0",
  "lockfileVersion": 1,
  "requires": true,
  "dependencies": {
    "binutils": {
      "version": "0.1.0",
      "resolved": "https://registry.npmjs.org/binutils/-/binutils-0.1.0.tgz",
      "integrity": "sha1-OvU4Q2ogyfoq/GnfNPzIaB9QQ0U="
    },
    "utf8-bytes": {
      "version": "0.0.1",
      "resolved": "https://registry.npmjs.org/utf8-bytes/-/utf8-bytes-0.0.1.tgz",
      "integrity": "sha1-EWsCVEjJtQAIHN+/H01sbDfYg30="
    }
  }
}
